
Microsoft Visual Studio Solution File, Format Version 12.00
# Visual Studio 14
VisualStudioVersion = 14.0.25420.1
MinimumVisualStudioVersion = 10.0.40219.1
Project("{FAE04EC0-301F-11D3-BF4B-00C04F79EFBC}") = "Notes.Client", "Notes.Client\Notes.Client\Notes.Client.csproj", "{8CF002A6-5BD2-4D08-A74C-DB4EB8944FFA}"
EndProject
Project("{FAE04EC0-301F-11D3-BF4B-00C04F79EFBC}") = "Notes.Client.Droid", "Notes.Client\Notes.Client.Droid\Notes.Client.Droid.csproj", "{C357D1D1-2F67-4FF1-9DE6-415D4248FB7A}"
EndProject
Project("{FAE04EC0-301F-11D3-BF4B-00C04F79EFBC}") = "Notes.Client.iOS", "Notes.Client\Notes.Client.iOS\Notes.Client.iOS.csproj", "{052A31DA-94F9-4D93-9CB7-C95BC4250EA0}"
EndProject
Project("{FAE04EC0-301F-11D3-BF4B-00C04F79EFBC}") = "Notes.Client.UWP", "Notes.Client\Notes.Client.UWP\Notes.Client.UWP.csproj", "{78A00861-5F50-4DB4-82C5-1774C6E7F346}"
EndProject
Project("{FAE04EC0-301F-11D3-BF4B-00C04F79EFBC}") = "Notes.Common", "..\common\Notes.Common\Notes.Common.csproj", "{418CC2A2-F273-436B-B120-8FCFD7CAB6BA}"
EndProject
Global
	GlobalSection(SolutionConfigurationPlatforms) = preSolution
		Ad-Hoc|Any CPU = Ad-Hoc|Any CPU
		Ad-Hoc|ARM = Ad-Hoc|ARM
		Ad-Hoc|iPhone = Ad-Hoc|iPhone
		Ad-Hoc|iPhoneSimulator = Ad-Hoc|iPhoneSimulator
		Ad-Hoc|x64 = Ad-Hoc|x64
		Ad-Hoc|x86 = Ad-Hoc|x86
		AppStore|Any CPU = AppStore|Any CPU
		AppStore|ARM = AppStore|ARM
		AppStore|iPhone = AppStore|iPhone
		AppStore|iPhoneSimulator = AppStore|iPhoneSimulator
		AppStore|x64 = AppStore|x64
		AppStore|x86 = AppStore|x86
		Debug|Any CPU = Debug|Any CPU
		Debug|ARM = Debug|ARM
		Debug|iPhone = Debug|iPhone
		Debug|iPhoneSimulator = Debug|iPhoneSimulator
		Debug|x64 = Debug|x64
		Debug|x86 = Debug|x86
		Release|Any CPU = Release|Any CPU
		Release|ARM = Release|ARM
		Release|iPhone = Release|iPhone
		Release|iPhoneSimulator = Release|iPhoneSimulator
		Release|x64 = Release|x64
		Release|x86 = Release|x86
	EndGlobalSection
	GlobalSection(ProjectConfigurationPlatforms) = postSolution
		{8CF002A6-5BD2-4D08-A74C-DB4EB8944FFA}.Ad-Hoc|Any CPU.ActiveCfg = Release|Any CPU
		{8CF002A6-5BD2-4D08-A74C-DB4EB8944FFA}.Ad-Hoc|Any CPU.Build.0 = Release|Any CPU
		{8CF002A6-5BD2-4D08-A74C-DB4EB8944FFA}.Ad-Hoc|ARM.ActiveCfg = Release|Any CPU
		{8CF002A6-5BD2-4D08-A74C-DB4EB8944FFA}.Ad-Hoc|ARM.Build.0 = Release|Any CPU
		{8CF002A6-5BD2-4D08-A74C-DB4EB8944FFA}.Ad-Hoc|iPhone.ActiveCfg = Release|Any CPU
		{8CF002A6-5BD2-4D08-A74C-DB4EB8944FFA}.Ad-Hoc|iPhone.Build.0 = Release|Any CPU
		{8CF002A6-5BD2-4D08-A74C-DB4EB8944FFA}.Ad-Hoc|iPhoneSimulator.ActiveCfg = Release|Any CPU
		{8CF002A6-5BD2-4D08-A74C-DB4EB8944FFA}.Ad-Hoc|iPhoneSimulator.Build.0 = Release|Any CPU
		{8CF002A6-5BD2-4D08-A74C-DB4EB8944FFA}.Ad-Hoc|x64.ActiveCfg = Release|Any CPU
		{8CF002A6-5BD2-4D08-A74C-DB4EB8944FFA}.Ad-Hoc|x64.Build.0 = Release|Any CPU
		{8CF002A6-5BD2-4D08-A74C-DB4EB8944FFA}.Ad-Hoc|x86.ActiveCfg = Release|Any CPU
		{8CF002A6-5BD2-4D08-A74C-DB4EB8944FFA}.Ad-Hoc|x86.Build.0 = Release|Any CPU
		{8CF002A6-5BD2-4D08-A74C-DB4EB8944FFA}.AppStore|Any CPU.ActiveCfg = Release|Any CPU
		{8CF002A6-5BD2-4D08-A74C-DB4EB8944FFA}.AppStore|Any CPU.Build.0 = Release|Any CPU
		{8CF002A6-5BD2-4D08-A74C-DB4EB8944FFA}.AppStore|ARM.ActiveCfg = Release|Any CPU
		{8CF002A6-5BD2-4D08-A74C-DB4EB8944FFA}.AppStore|ARM.Build.0 = Release|Any CPU
		{8CF002A6-5BD2-4D08-A74C-DB4EB8944FFA}.AppStore|iPhone.ActiveCfg = Release|Any CPU
		{8CF002A6-5BD2-4D08-A74C-DB4EB8944FFA}.AppStore|iPhone.Build.0 = Release|Any CPU
		{8CF002A6-5BD2-4D08-A74C-DB4EB8944FFA}.AppStore|iPhoneSimulator.ActiveCfg = Release|Any CPU
		{8CF002A6-5BD2-4D08-A74C-DB4EB8944FFA}.AppStore|iPhoneSimulator.Build.0 = Release|Any CPU
		{8CF002A6-5BD2-4D08-A74C-DB4EB8944FFA}.AppStore|x64.ActiveCfg = Release|Any CPU
		{8CF002A6-5BD2-4D08-A74C-DB4EB8944FFA}.AppStore|x64.Build.0 = Release|Any CPU
		{8CF002A6-5BD2-4D08-A74C-DB4EB8944FFA}.AppStore|x86.ActiveCfg = Release|Any CPU
		{8CF002A6-5BD2-4D08-A74C-DB4EB8944FFA}.AppStore|x86.Build.0 = Release|Any CPU
		{8CF002A6-5BD2-4D08-A74C-DB4EB8944FFA}.Debug|Any CPU.ActiveCfg = Debug|Any CPU
		{8CF002A6-5BD2-4D08-A74C-DB4EB8944FFA}.Debug|Any CPU.Build.0 = Debug|Any CPU
		{8CF002A6-5BD2-4D08-A74C-DB4EB8944FFA}.Debug|ARM.ActiveCfg = Debug|Any CPU
		{8CF002A6-5BD2-4D08-A74C-DB4EB8944FFA}.Debug|ARM.Build.0 = Debug|Any CPU
		{8CF002A6-5BD2-4D08-A74C-DB4EB8944FFA}.Debug|iPhone.ActiveCfg = Debug|Any CPU
		{8CF002A6-5BD2-4D08-A74C-DB4EB8944FFA}.Debug|iPhone.Build.0 = Debug|Any CPU
		{8CF002A6-5BD2-4D08-A74C-DB4EB8944FFA}.Debug|iPhoneSimulator.ActiveCfg = Debug|Any CPU
		{8CF002A6-5BD2-4D08-A74C-DB4EB8944FFA}.Debug|iPhoneSimulator.Build.0 = Debug|Any CPU
		{8CF002A6-5BD2-4D08-A74C-DB4EB8944FFA}.Debug|x64.ActiveCfg = Debug|Any CPU
		{8CF002A6-5BD2-4D08-A74C-DB4EB8944FFA}.Debug|x64.Build.0 = Debug|Any CPU
		{8CF002A6-5BD2-4D08-A74C-DB4EB8944FFA}.Debug|x86.ActiveCfg = Debug|Any CPU
		{8CF002A6-5BD2-4D08-A74C-DB4EB8944FFA}.Debug|x86.Build.0 = Debug|Any CPU
		{8CF002A6-5BD2-4D08-A74C-DB4EB8944FFA}.Release|Any CPU.ActiveCfg = Release|Any CPU
		{8CF002A6-5BD2-4D08-A74C-DB4EB8944FFA}.Release|Any CPU.Build.0 = Release|Any CPU
		{8CF002A6-5BD2-4D08-A74C-DB4EB8944FFA}.Release|ARM.ActiveCfg = Release|Any CPU
		{8CF002A6-5BD2-4D08-A74C-DB4EB8944FFA}.Release|ARM.Build.0 = Release|Any CPU
		{8CF002A6-5BD2-4D08-A74C-DB4EB8944FFA}.Release|iPhone.ActiveCfg = Release|Any CPU
		{8CF002A6-5BD2-4D08-A74C-DB4EB8944FFA}.Release|iPhone.Build.0 = Release|Any CPU
		{8CF002A6-5BD2-4D08-A74C-DB4EB8944FFA}.Release|iPhoneSimulator.ActiveCfg = Release|Any CPU
		{8CF002A6-5BD2-4D08-A74C-DB4EB8944FFA}.Release|iPhoneSimulator.Build.0 = Release|Any CPU
		{8CF002A6-5BD2-4D08-A74C-DB4EB8944FFA}.Release|x64.ActiveCfg = Release|Any CPU
		{8CF002A6-5BD2-4D08-A74C-DB4EB8944FFA}.Release|x64.Build.0 = Release|Any CPU
		{8CF002A6-5BD2-4D08-A74C-DB4EB8944FFA}.Release|x86.ActiveCfg = Release|Any CPU
		{8CF002A6-5BD2-4D08-A74C-DB4EB8944FFA}.Release|x86.Build.0 = Release|Any CPU
		{C357D1D1-2F67-4FF1-9DE6-415D4248FB7A}.Ad-Hoc|Any CPU.ActiveCfg = Release|Any CPU
		{C357D1D1-2F67-4FF1-9DE6-415D4248FB7A}.Ad-Hoc|Any CPU.Build.0 = Release|Any CPU
		{C357D1D1-2F67-4FF1-9DE6-415D4248FB7A}.Ad-Hoc|Any CPU.Deploy.0 = Release|Any CPU
		{C357D1D1-2F67-4FF1-9DE6-415D4248FB7A}.Ad-Hoc|ARM.ActiveCfg = Release|Any CPU
		{C357D1D1-2F67-4FF1-9DE6-415D4248FB7A}.Ad-Hoc|ARM.Build.0 = Release|Any CPU
		{C357D1D1-2F67-4FF1-9DE6-415D4248FB7A}.Ad-Hoc|ARM.Deploy.0 = Release|Any CPU
		{C357D1D1-2F67-4FF1-9DE6-415D4248FB7A}.Ad-Hoc|iPhone.ActiveCfg = Release|Any CPU
		{C357D1D1-2F67-4FF1-9DE6-415D4248FB7A}.Ad-Hoc|iPhone.Build.0 = Release|Any CPU
		{C357D1D1-2F67-4FF1-9DE6-415D4248FB7A}.Ad-Hoc|iPhone.Deploy.0 = Release|Any CPU
		{C357D1D1-2F67-4FF1-9DE6-415D4248FB7A}.Ad-Hoc|iPhoneSimulator.ActiveCfg = Release|Any CPU
		{C357D1D1-2F67-4FF1-9DE6-415D4248FB7A}.Ad-Hoc|iPhoneSimulator.Build.0 = Release|Any CPU
		{C357D1D1-2F67-4FF1-9DE6-415D4248FB7A}.Ad-Hoc|iPhoneSimulator.Deploy.0 = Release|Any CPU
		{C357D1D1-2F67-4FF1-9DE6-415D4248FB7A}.Ad-Hoc|x64.ActiveCfg = Release|Any CPU
		{C357D1D1-2F67-4FF1-9DE6-415D4248FB7A}.Ad-Hoc|x64.Build.0 = Release|Any CPU
		{C357D1D1-2F67-4FF1-9DE6-415D4248FB7A}.Ad-Hoc|x64.Deploy.0 = Release|Any CPU
		{C357D1D1-2F67-4FF1-9DE6-415D4248FB7A}.Ad-Hoc|x86.ActiveCfg = Release|Any CPU
		{C357D1D1-2F67-4FF1-9DE6-415D4248FB7A}.Ad-Hoc|x86.Build.0 = Release|Any CPU
		{C357D1D1-2F67-4FF1-9DE6-415D4248FB7A}.Ad-Hoc|x86.Deploy.0 = Release|Any CPU
		{C357D1D1-2F67-4FF1-9DE6-415D4248FB7A}.AppStore|Any CPU.ActiveCfg = Release|Any CPU
		{C357D1D1-2F67-4FF1-9DE6-415D4248FB7A}.AppStore|Any CPU.Build.0 = Release|Any CPU
		{C357D1D1-2F67-4FF1-9DE6-415D4248FB7A}.AppStore|Any CPU.Deploy.0 = Release|Any CPU
		{C357D1D1-2F67-4FF1-9DE6-415D4248FB7A}.AppStore|ARM.ActiveCfg = Release|Any CPU
		{C357D1D1-2F67-4FF1-9DE6-415D4248FB7A}.AppStore|ARM.Build.0 = Release|Any CPU
		{C357D1D1-2F67-4FF1-9DE6-415D4248FB7A}.AppStore|ARM.Deploy.0 = Release|Any CPU
		{C357D1D1-2F67-4FF1-9DE6-415D4248FB7A}.AppStore|iPhone.ActiveCfg = Release|Any CPU
		{C357D1D1-2F67-4FF1-9DE6-415D4248FB7A}.AppStore|iPhone.Build.0 = Release|Any CPU
		{C357D1D1-2F67-4FF1-9DE6-415D4248FB7A}.AppStore|iPhone.Deploy.0 = Release|Any CPU
		{C357D1D1-2F67-4FF1-9DE6-415D4248FB7A}.AppStore|iPhoneSimulator.ActiveCfg = Release|Any CPU
		{C357D1D1-2F67-4FF1-9DE6-415D4248FB7A}.AppStore|iPhoneSimulator.Build.0 = Release|Any CPU
		{C357D1D1-2F67-4FF1-9DE6-415D4248FB7A}.AppStore|iPhoneSimulator.Deploy.0 = Release|Any CPU
		{C357D1D1-2F67-4FF1-9DE6-415D4248FB7A}.AppStore|x64.ActiveCfg = Release|Any CPU
		{C357D1D1-2F67-4FF1-9DE6-415D4248FB7A}.AppStore|x64.Build.0 = Release|Any CPU
		{C357D1D1-2F67-4FF1-9DE6-415D4248FB7A}.AppStore|x64.Deploy.0 = Release|Any CPU
		{C357D1D1-2F67-4FF1-9DE6-415D4248FB7A}.AppStore|x86.ActiveCfg = Release|Any CPU
		{C357D1D1-2F67-4FF1-9DE6-415D4248FB7A}.AppStore|x86.Build.0 = Release|Any CPU
		{C357D1D1-2F67-4FF1-9DE6-415D4248FB7A}.AppStore|x86.Deploy.0 = Release|Any CPU
		{C357D1D1-2F67-4FF1-9DE6-415D4248FB7A}.Debug|Any CPU.ActiveCfg = Debug|Any CPU
		{C357D1D1-2F67-4FF1-9DE6-415D4248FB7A}.Debug|Any CPU.Build.0 = Debug|Any CPU
		{C357D1D1-2F67-4FF1-9DE6-415D4248FB7A}.Debug|Any CPU.Deploy.0 = Debug|Any CPU
		{C357D1D1-2F67-4FF1-9DE6-415D4248FB7A}.Debug|ARM.ActiveCfg = Debug|Any CPU
		{C357D1D1-2F67-4FF1-9DE6-415D4248FB7A}.Debug|ARM.Build.0 = Debug|Any CPU
		{C357D1D1-2F67-4FF1-9DE6-415D4248FB7A}.Debug|ARM.Deploy.0 = Debug|Any CPU
		{C357D1D1-2F67-4FF1-9DE6-415D4248FB7A}.Debug|iPhone.ActiveCfg = Debug|Any CPU
		{C357D1D1-2F67-4FF1-9DE6-415D4248FB7A}.Debug|iPhone.Build.0 = Debug|Any CPU
		{C357D1D1-2F67-4FF1-9DE6-415D4248FB7A}.Debug|iPhone.Deploy.0 = Debug|Any CPU
		{C357D1D1-2F67-4FF1-9DE6-415D4248FB7A}.Debug|iPhoneSimulator.ActiveCfg = Debug|Any CPU
		{C357D1D1-2F67-4FF1-9DE6-415D4248FB7A}.Debug|iPhoneSimulator.Build.0 = Debug|Any CPU
		{C357D1D1-2F67-4FF1-9DE6-415D4248FB7A}.Debug|iPhoneSimulator.Deploy.0 = Debug|Any CPU
		{C357D1D1-2F67-4FF1-9DE6-415D4248FB7A}.Debug|x64.ActiveCfg = Debug|Any CPU
		{C357D1D1-2F67-4FF1-9DE6-415D4248FB7A}.Debug|x64.Build.0 = Debug|Any CPU
		{C357D1D1-2F67-4FF1-9DE6-415D4248FB7A}.Debug|x64.Deploy.0 = Debug|Any CPU
		{C357D1D1-2F67-4FF1-9DE6-415D4248FB7A}.Debug|x86.ActiveCfg = Debug|Any CPU
		{C357D1D1-2F67-4FF1-9DE6-415D4248FB7A}.Debug|x86.Build.0 = Debug|Any CPU
		{C357D1D1-2F67-4FF1-9DE6-415D4248FB7A}.Debug|x86.Deploy.0 = Debug|Any CPU
		{C357D1D1-2F67-4FF1-9DE6-415D4248FB7A}.Release|Any CPU.ActiveCfg = Release|Any CPU
		{C357D1D1-2F67-4FF1-9DE6-415D4248FB7A}.Release|Any CPU.Build.0 = Release|Any CPU
		{C357D1D1-2F67-4FF1-9DE6-415D4248FB7A}.Release|Any CPU.Deploy.0 = Release|Any CPU
		{C357D1D1-2F67-4FF1-9DE6-415D4248FB7A}.Release|ARM.ActiveCfg = Release|Any CPU
		{C357D1D1-2F67-4FF1-9DE6-415D4248FB7A}.Release|ARM.Build.0 = Release|Any CPU
		{C357D1D1-2F67-4FF1-9DE6-415D4248FB7A}.Release|ARM.Deploy.0 = Release|Any CPU
		{C357D1D1-2F67-4FF1-9DE6-415D4248FB7A}.Release|iPhone.ActiveCfg = Release|Any CPU
		{C357D1D1-2F67-4FF1-9DE6-415D4248FB7A}.Release|iPhone.Build.0 = Release|Any CPU
		{C357D1D1-2F67-4FF1-9DE6-415D4248FB7A}.Release|iPhone.Deploy.0 = Release|Any CPU
		{C357D1D1-2F67-4FF1-9DE6-415D4248FB7A}.Release|iPhoneSimulator.ActiveCfg = Release|Any CPU
		{C357D1D1-2F67-4FF1-9DE6-415D4248FB7A}.Release|iPhoneSimulator.Build.0 = Release|Any CPU
		{C357D1D1-2F67-4FF1-9DE6-415D4248FB7A}.Release|iPhoneSimulator.Deploy.0 = Release|Any CPU
		{C357D1D1-2F67-4FF1-9DE6-415D4248FB7A}.Release|x64.ActiveCfg = Release|Any CPU
		{C357D1D1-2F67-4FF1-9DE6-415D4248FB7A}.Release|x64.Build.0 = Release|Any CPU
		{C357D1D1-2F67-4FF1-9DE6-415D4248FB7A}.Release|x64.Deploy.0 = Release|Any CPU
		{C357D1D1-2F67-4FF1-9DE6-415D4248FB7A}.Release|x86.ActiveCfg = Release|Any CPU
		{C357D1D1-2F67-4FF1-9DE6-415D4248FB7A}.Release|x86.Build.0 = Release|Any CPU
		{C357D1D1-2F67-4FF1-9DE6-415D4248FB7A}.Release|x86.Deploy.0 = Release|Any CPU
		{052A31DA-94F9-4D93-9CB7-C95BC4250EA0}.Ad-Hoc|Any CPU.ActiveCfg = Ad-Hoc|iPhone
		{052A31DA-94F9-4D93-9CB7-C95BC4250EA0}.Ad-Hoc|ARM.ActiveCfg = Ad-Hoc|iPhone
		{052A31DA-94F9-4D93-9CB7-C95BC4250EA0}.Ad-Hoc|iPhone.ActiveCfg = Ad-Hoc|iPhone
		{052A31DA-94F9-4D93-9CB7-C95BC4250EA0}.Ad-Hoc|iPhone.Build.0 = Ad-Hoc|iPhone
		{052A31DA-94F9-4D93-9CB7-C95BC4250EA0}.Ad-Hoc|iPhoneSimulator.ActiveCfg = Ad-Hoc|iPhoneSimulator
		{052A31DA-94F9-4D93-9CB7-C95BC4250EA0}.Ad-Hoc|iPhoneSimulator.Build.0 = Ad-Hoc|iPhoneSimulator
		{052A31DA-94F9-4D93-9CB7-C95BC4250EA0}.Ad-Hoc|x64.ActiveCfg = Ad-Hoc|iPhone
		{052A31DA-94F9-4D93-9CB7-C95BC4250EA0}.Ad-Hoc|x86.ActiveCfg = Ad-Hoc|iPhone
		{052A31DA-94F9-4D93-9CB7-C95BC4250EA0}.AppStore|Any CPU.ActiveCfg = AppStore|iPhone
		{052A31DA-94F9-4D93-9CB7-C95BC4250EA0}.AppStore|ARM.ActiveCfg = AppStore|iPhone
		{052A31DA-94F9-4D93-9CB7-C95BC4250EA0}.AppStore|iPhone.ActiveCfg = AppStore|iPhone
		{052A31DA-94F9-4D93-9CB7-C95BC4250EA0}.AppStore|iPhone.Build.0 = AppStore|iPhone
		{052A31DA-94F9-4D93-9CB7-C95BC4250EA0}.AppStore|iPhoneSimulator.ActiveCfg = AppStore|iPhoneSimulator
		{052A31DA-94F9-4D93-9CB7-C95BC4250EA0}.AppStore|iPhoneSimulator.Build.0 = AppStore|iPhoneSimulator
		{052A31DA-94F9-4D93-9CB7-C95BC4250EA0}.AppStore|x64.ActiveCfg = AppStore|iPhone
		{052A31DA-94F9-4D93-9CB7-C95BC4250EA0}.AppStore|x86.ActiveCfg = AppStore|iPhone
		{052A31DA-94F9-4D93-9CB7-C95BC4250EA0}.Debug|Any CPU.ActiveCfg = Debug|iPhone
		{052A31DA-94F9-4D93-9CB7-C95BC4250EA0}.Debug|ARM.ActiveCfg = Debug|iPhone
		{052A31DA-94F9-4D93-9CB7-C95BC4250EA0}.Debug|iPhone.ActiveCfg = Debug|iPhone
		{052A31DA-94F9-4D93-9CB7-C95BC4250EA0}.Debug|iPhone.Build.0 = Debug|iPhone
		{052A31DA-94F9-4D93-9CB7-C95BC4250EA0}.Debug|iPhoneSimulator.ActiveCfg = Debug|iPhoneSimulator
		{052A31DA-94F9-4D93-9CB7-C95BC4250EA0}.Debug|iPhoneSimulator.Build.0 = Debug|iPhoneSimulator
		{052A31DA-94F9-4D93-9CB7-C95BC4250EA0}.Debug|x64.ActiveCfg = Debug|iPhone
		{052A31DA-94F9-4D93-9CB7-C95BC4250EA0}.Debug|x86.ActiveCfg = Debug|iPhone
		{052A31DA-94F9-4D93-9CB7-C95BC4250EA0}.Release|Any CPU.ActiveCfg = Release|iPhone
		{052A31DA-94F9-4D93-9CB7-C95BC4250EA0}.Release|ARM.ActiveCfg = Release|iPhone
		{052A31DA-94F9-4D93-9CB7-C95BC4250EA0}.Release|iPhone.ActiveCfg = Release|iPhone
		{052A31DA-94F9-4D93-9CB7-C95BC4250EA0}.Release|iPhone.Build.0 = Release|iPhone
		{052A31DA-94F9-4D93-9CB7-C95BC4250EA0}.Release|iPhoneSimulator.ActiveCfg = Release|iPhoneSimulator
		{052A31DA-94F9-4D93-9CB7-C95BC4250EA0}.Release|iPhoneSimulator.Build.0 = Release|iPhoneSimulator
		{052A31DA-94F9-4D93-9CB7-C95BC4250EA0}.Release|x64.ActiveCfg = Release|iPhone
		{052A31DA-94F9-4D93-9CB7-C95BC4250EA0}.Release|x86.ActiveCfg = Release|iPhone
		{78A00861-5F50-4DB4-82C5-1774C6E7F346}.Ad-Hoc|Any CPU.ActiveCfg = Release|x86
		{78A00861-5F50-4DB4-82C5-1774C6E7F346}.Ad-Hoc|Any CPU.Build.0 = Release|x86
		{78A00861-5F50-4DB4-82C5-1774C6E7F346}.Ad-Hoc|Any CPU.Deploy.0 = Release|x86
		{78A00861-5F50-4DB4-82C5-1774C6E7F346}.Ad-Hoc|ARM.ActiveCfg = Release|ARM
		{78A00861-5F50-4DB4-82C5-1774C6E7F346}.Ad-Hoc|ARM.Build.0 = Release|ARM
		{78A00861-5F50-4DB4-82C5-1774C6E7F346}.Ad-Hoc|ARM.Deploy.0 = Release|ARM
		{78A00861-5F50-4DB4-82C5-1774C6E7F346}.Ad-Hoc|iPhone.ActiveCfg = Release|x86
		{78A00861-5F50-4DB4-82C5-1774C6E7F346}.Ad-Hoc|iPhone.Build.0 = Release|x86
		{78A00861-5F50-4DB4-82C5-1774C6E7F346}.Ad-Hoc|iPhone.Deploy.0 = Release|x86
		{78A00861-5F50-4DB4-82C5-1774C6E7F346}.Ad-Hoc|iPhoneSimulator.ActiveCfg = Release|x86
		{78A00861-5F50-4DB4-82C5-1774C6E7F346}.Ad-Hoc|iPhoneSimulator.Build.0 = Release|x86
		{78A00861-5F50-4DB4-82C5-1774C6E7F346}.Ad-Hoc|iPhoneSimulator.Deploy.0 = Release|x86
		{78A00861-5F50-4DB4-82C5-1774C6E7F346}.Ad-Hoc|x64.ActiveCfg = Release|x64
		{78A00861-5F50-4DB4-82C5-1774C6E7F346}.Ad-Hoc|x64.Build.0 = Release|x64
		{78A00861-5F50-4DB4-82C5-1774C6E7F346}.Ad-Hoc|x64.Deploy.0 = Release|x64
		{78A00861-5F50-4DB4-82C5-1774C6E7F346}.Ad-Hoc|x86.ActiveCfg = Release|x86
		{78A00861-5F50-4DB4-82C5-1774C6E7F346}.Ad-Hoc|x86.Build.0 = Release|x86
		{78A00861-5F50-4DB4-82C5-1774C6E7F346}.Ad-Hoc|x86.Deploy.0 = Release|x86
		{78A00861-5F50-4DB4-82C5-1774C6E7F346}.AppStore|Any CPU.ActiveCfg = Release|x86
		{78A00861-5F50-4DB4-82C5-1774C6E7F346}.AppStore|Any CPU.Build.0 = Release|x86
		{78A00861-5F50-4DB4-82C5-1774C6E7F346}.AppStore|Any CPU.Deploy.0 = Release|x86
		{78A00861-5F50-4DB4-82C5-1774C6E7F346}.AppStore|ARM.ActiveCfg = Release|ARM
		{78A00861-5F50-4DB4-82C5-1774C6E7F346}.AppStore|ARM.Build.0 = Release|ARM
		{78A00861-5F50-4DB4-82C5-1774C6E7F346}.AppStore|ARM.Deploy.0 = Release|ARM
		{78A00861-5F50-4DB4-82C5-1774C6E7F346}.AppStore|iPhone.ActiveCfg = Release|x86
		{78A00861-5F50-4DB4-82C5-1774C6E7F346}.AppStore|iPhone.Build.0 = Release|x86
		{78A00861-5F50-4DB4-82C5-1774C6E7F346}.AppStore|iPhone.Deploy.0 = Release|x86
		{78A00861-5F50-4DB4-82C5-1774C6E7F346}.AppStore|iPhoneSimulator.ActiveCfg = Release|x86
		{78A00861-5F50-4DB4-82C5-1774C6E7F346}.AppStore|iPhoneSimulator.Build.0 = Release|x86
		{78A00861-5F50-4DB4-82C5-1774C6E7F346}.AppStore|iPhoneSimulator.Deploy.0 = Release|x86
		{78A00861-5F50-4DB4-82C5-1774C6E7F346}.AppStore|x64.ActiveCfg = Release|x64
		{78A00861-5F50-4DB4-82C5-1774C6E7F346}.AppStore|x64.Build.0 = Release|x64
		{78A00861-5F50-4DB4-82C5-1774C6E7F346}.AppStore|x64.Deploy.0 = Release|x64
		{78A00861-5F50-4DB4-82C5-1774C6E7F346}.AppStore|x86.ActiveCfg = Release|x86
		{78A00861-5F50-4DB4-82C5-1774C6E7F346}.AppStore|x86.Build.0 = Release|x86
		{78A00861-5F50-4DB4-82C5-1774C6E7F346}.AppStore|x86.Deploy.0 = Release|x86
		{78A00861-5F50-4DB4-82C5-1774C6E7F346}.Debug|Any CPU.ActiveCfg = Debug|x86
		{78A00861-5F50-4DB4-82C5-1774C6E7F346}.Debug|ARM.ActiveCfg = Debug|ARM
		{78A00861-5F50-4DB4-82C5-1774C6E7F346}.Debug|ARM.Build.0 = Debug|ARM
		{78A00861-5F50-4DB4-82C5-1774C6E7F346}.Debug|ARM.Deploy.0 = Debug|ARM
		{78A00861-5F50-4DB4-82C5-1774C6E7F346}.Debug|iPhone.ActiveCfg = Debug|x86
		{78A00861-5F50-4DB4-82C5-1774C6E7F346}.Debug|iPhoneSimulator.ActiveCfg = Debug|x86
		{78A00861-5F50-4DB4-82C5-1774C6E7F346}.Debug|x64.ActiveCfg = Debug|x64
		{78A00861-5F50-4DB4-82C5-1774C6E7F346}.Debug|x64.Build.0 = Debug|x64
		{78A00861-5F50-4DB4-82C5-1774C6E7F346}.Debug|x64.Deploy.0 = Debug|x64
		{78A00861-5F50-4DB4-82C5-1774C6E7F346}.Debug|x86.ActiveCfg = Debug|x86
		{78A00861-5F50-4DB4-82C5-1774C6E7F346}.Debug|x86.Build.0 = Debug|x86
		{78A00861-5F50-4DB4-82C5-1774C6E7F346}.Debug|x86.Deploy.0 = Debug|x86
		{78A00861-5F50-4DB4-82C5-1774C6E7F346}.Release|Any CPU.ActiveCfg = Release|x86
		{78A00861-5F50-4DB4-82C5-1774C6E7F346}.Release|ARM.ActiveCfg = Release|ARM
		{78A00861-5F50-4DB4-82C5-1774C6E7F346}.Release|ARM.Build.0 = Release|ARM
		{78A00861-5F50-4DB4-82C5-1774C6E7F346}.Release|ARM.Deploy.0 = Release|ARM
		{78A00861-5F50-4DB4-82C5-1774C6E7F346}.Release|iPhone.ActiveCfg = Release|x86
		{78A00861-5F50-4DB4-82C5-1774C6E7F346}.Release|iPhoneSimulator.ActiveCfg = Release|x86
		{78A00861-5F50-4DB4-82C5-1774C6E7F346}.Release|x64.ActiveCfg = Release|x64
		{78A00861-5F50-4DB4-82C5-1774C6E7F346}.Release|x64.Build.0 = Release|x64
		{78A00861-5F50-4DB4-82C5-1774C6E7F346}.Release|x64.Deploy.0 = Release|x64
		{78A00861-5F50-4DB4-82C5-1774C6E7F346}.Release|x86.ActiveCfg = Release|x86
		{78A00861-5F50-4DB4-82C5-1774C6E7F346}.Release|x86.Build.0 = Release|x86
		{78A00861-5F50-4DB4-82C5-1774C6E7F346}.Release|x86.Deploy.0 = Release|x86
		{418CC2A2-F273-436B-B120-8FCFD7CAB6BA}.Ad-Hoc|Any CPU.ActiveCfg = Release|Any CPU
		{418CC2A2-F273-436B-B120-8FCFD7CAB6BA}.Ad-Hoc|Any CPU.Build.0 = Release|Any CPU
		{418CC2A2-F273-436B-B120-8FCFD7CAB6BA}.Ad-Hoc|ARM.ActiveCfg = Release|Any CPU
		{418CC2A2-F273-436B-B120-8FCFD7CAB6BA}.Ad-Hoc|ARM.Build.0 = Release|Any CPU
		{418CC2A2-F273-436B-B120-8FCFD7CAB6BA}.Ad-Hoc|iPhone.ActiveCfg = Release|Any CPU
		{418CC2A2-F273-436B-B120-8FCFD7CAB6BA}.Ad-Hoc|iPhone.Build.0 = Release|Any CPU
		{418CC2A2-F273-436B-B120-8FCFD7CAB6BA}.Ad-Hoc|iPhoneSimulator.ActiveCfg = Release|Any CPU
		{418CC2A2-F273-436B-B120-8FCFD7CAB6BA}.Ad-Hoc|iPhoneSimulator.Build.0 = Release|Any CPU
		{418CC2A2-F273-436B-B120-8FCFD7CAB6BA}.Ad-Hoc|x64.ActiveCfg = Release|Any CPU
		{418CC2A2-F273-436B-B120-8FCFD7CAB6BA}.Ad-Hoc|x64.Build.0 = Release|Any CPU
		{418CC2A2-F273-436B-B120-8FCFD7CAB6BA}.Ad-Hoc|x86.ActiveCfg = Release|Any CPU
		{418CC2A2-F273-436B-B120-8FCFD7CAB6BA}.Ad-Hoc|x86.Build.0 = Release|Any CPU
		{418CC2A2-F273-436B-B120-8FCFD7CAB6BA}.AppStore|Any CPU.ActiveCfg = Release|Any CPU
		{418CC2A2-F273-436B-B120-8FCFD7CAB6BA}.AppStore|Any CPU.Build.0 = Release|Any CPU
		{418CC2A2-F273-436B-B120-8FCFD7CAB6BA}.AppStore|ARM.ActiveCfg = Release|Any CPU
		{418CC2A2-F273-436B-B120-8FCFD7CAB6BA}.AppStore|ARM.Build.0 = Release|Any CPU
		{418CC2A2-F273-436B-B120-8FCFD7CAB6BA}.AppStore|iPhone.ActiveCfg = Release|Any CPU
		{418CC2A2-F273-436B-B120-8FCFD7CAB6BA}.AppStore|iPhone.Build.0 = Release|Any CPU
		{418CC2A2-F273-436B-B120-8FCFD7CAB6BA}.AppStore|iPhoneSimulator.ActiveCfg = Release|Any CPU
		{418CC2A2-F273-436B-B120-8FCFD7CAB6BA}.AppStore|iPhoneSimulator.Build.0 = Release|Any CPU
		{418CC2A2-F273-436B-B120-8FCFD7CAB6BA}.AppStore|x64.ActiveCfg = Release|Any CPU
		{418CC2A2-F273-436B-B120-8FCFD7CAB6BA}.AppStore|x64.Build.0 = Release|Any CPU
		{418CC2A2-F273-436B-B120-8FCFD7CAB6BA}.AppStore|x86.ActiveCfg = Release|Any CPU
		{418CC2A2-F273-436B-B120-8FCFD7CAB6BA}.AppStore|x86.Build.0 = Release|Any CPU
		{418CC2A2-F273-436B-B120-8FCFD7CAB6BA}.Debug|Any CPU.ActiveCfg = Debug|Any CPU
		{418CC2A2-F273-436B-B120-8FCFD7CAB6BA}.Debug|Any CPU.Build.0 = Debug|Any CPU
		{418CC2A2-F273-436B-B120-8FCFD7CAB6BA}.Debug|ARM.ActiveCfg = Debug|Any CPU
		{418CC2A2-F273-436B-B120-8FCFD7CAB6BA}.Debug|ARM.Build.0 = Debug|Any CPU
		{418CC2A2-F273-436B-B120-8FCFD7CAB6BA}.Debug|iPhone.ActiveCfg = Debug|Any CPU
		{418CC2A2-F273-436B-B120-8FCFD7CAB6BA}.Debug|iPhone.Build.0 = Debug|Any CPU
		{418CC2A2-F273-436B-B120-8FCFD7CAB6BA}.Debug|iPhoneSimulator.ActiveCfg = Debug|Any CPU
		{418CC2A2-F273-436B-B120-8FCFD7CAB6BA}.Debug|iPhoneSimulator.Build.0 = Debug|Any CPU
		{418CC2A2-F273-436B-B120-8FCFD7CAB6BA}.Debug|x64.ActiveCfg = Debug|Any CPU
		{418CC2A2-F273-436B-B120-8FCFD7CAB6BA}.Debug|x64.Build.0 = Debug|Any CPU
		{418CC2A2-F273-436B-B120-8FCFD7CAB6BA}.Debug|x86.ActiveCfg = Debug|Any CPU
		{418CC2A2-F273-436B-B120-8FCFD7CAB6BA}.Debug|x86.Build.0 = Debug|Any CPU
		{418CC2A2-F273-436B-B120-8FCFD7CAB6BA}.Release|Any CPU.ActiveCfg = Release|Any CPU
		{418CC2A2-F273-436B-B120-8FCFD7CAB6BA}.Release|Any CPU.Build.0 = Release|Any CPU
		{418CC2A2-F273-436B-B120-8FCFD7CAB6BA}.Release|ARM.ActiveCfg = Release|Any CPU
		{418CC2A2-F273-436B-B120-8FCFD7CAB6BA}.Release|ARM.Build.0 = Release|Any CPU
		{418CC2A2-F273-436B-B120-8FCFD7CAB6BA}.Release|iPhone.ActiveCfg = Release|Any CPU
		{418CC2A2-F273-436B-B120-8FCFD7CAB6BA}.Release|iPhone.Build.0 = Release|Any CPU
		{418CC2A2-F273-436B-B120-8FCFD7CAB6BA}.Release|iPhoneSimulator.ActiveCfg = Release|Any CPU
		{418CC2A2-F273-436B-B120-8FCFD7CAB6BA}.Release|iPhoneSimulator.Build.0 = Release|Any CPU
		{418CC2A2-F273-436B-B120-8FCFD7CAB6BA}.Release|x64.ActiveCfg = Release|Any CPU
		{418CC2A2-F273-436B-B120-8FCFD7CAB6BA}.Release|x64.Build.0 = Release|Any CPU
		{418CC2A2-F273-436B-B120-8FCFD7CAB6BA}.Release|x86.ActiveCfg = Release|Any CPU
		{418CC2A2-F273-436B-B120-8FCFD7CAB6BA}.Release|x86.Build.0 = Release|Any CPU
	EndGlobalSection
	GlobalSection(SolutionProperties) = preSolution
		HideSolutionNode = FALSE
	EndGlobalSection
EndGlobal
